
Microsoft Visual Studio Solution File, Format Version 12.00
# Visual Studio 15
VisualStudioVersion = 15.0.28010.2016
MinimumVisualStudioVersion = 10.0.40219.1
Project("{FAE04EC0-301F-11D3-BF4B-00C04F79EFBC}") = "MvcMovie", "MvcMovie\MvcMovie.csproj", "{5D855E86-C21D-4C4C-B5F1-6B165041DACE}"
EndProject
Global
	GlobalSection(SolutionConfigurationPlatforms) = preSolution
		Debug|Any CPU = Debug|Any CPU
		Release|Any CPU = Release|Any CPU
	EndGlobalSection
	GlobalSection(ProjectConfigurationPlatforms) = postSolution
		{5D855E86-C21D-4C4C-B5F1-6B165041DACE}.Debug|Any CPU.ActiveCfg = Debug|Any CPU
		{5D855E86-C21D-4C4C-B5F1-6B165041DACE}.Debug|Any CPU.Build.0 = Debug|Any CPU
		{5D855E86-C21D-4C4C-B5F1-6B165041DACE}.Release|Any CPU.ActiveCfg = Release|Any CPU
		{5D855E86-C21D-4C4C-B5F1-6B165041DACE}.Release|Any CPU.Build.0 = Release|Any CPU
	EndGlobalSection
	GlobalSection(SolutionProperties) = preSolution
		HideSolutionNode = FALSE
	EndGlobalSection
	GlobalSection(ExtensibilityGlobals) = postSolution
		SolutionGuid = {9A7D424A-3AFB-48E2-A565-69B049C40CE9}
	EndGlobalSection
EndGlobal
